<?xml version="1.0" encoding="utf-8"?>
<Project ToolsVersion="4.0" xmlns="http://schemas.microsoft.com/developer/msbuild/2003">
  <ItemGroup>
    <Filter Include="Source Files">
      <UniqueIdentifier>{4FC737F1-C7A5-4376-A066-2A32D752A2FF}</UniqueIdentifier>
      <Extensions>cpp;c;cc;cxx;def;odl;idl;hpj;bat;asm;asmx</Extensions>
    </Filter>
    <Filter Include="Header Files">
      <UniqueIdentifier>{93995380-89BD-4b04-88EB-625FBE52EBFB}</UniqueIdentifier>
      <Extensions>h;hh;hpp;hxx;hm;inl;inc;xsd</Extensions>
    </Filter>
    <Filter Include="Resource Files">
      <UniqueIdentifier>{67DA6AB6-F800-4c08-8B7A-83BB121AAD01}</UniqueIdentifier>
      <Extensions>rc;ico;cur;bmp;dlg;rc2;rct;bin;rgs;gif;jpg;jpeg;jpe;resx;tiff;tif;png;wav;mfcribbon-ms</Extensions>
    </Filter>
    <Filter Include="src">
      <UniqueIdentifier>{5d4ed1fb-5f87-4974-835b-c265a5c9408b}</UniqueIdentifier>
    </Filter>
    <Filter Include="src\graphics">
      <UniqueIdentifier>{388fd9ec-7a11-487a-a05a-4d44b889675c}</UniqueIdentifier>
    </Filter>
    <Filter Include="src\input">
      <UniqueIdentifier>{05c4c0f1-8b78-4b40-8153-6abed4148d26}</UniqueIdentifier>
    </Filter>
    <Filter Include="src\maths">
      <UniqueIdentifier>{427fab2c-5eb6-452c-acaf-89b7212adcaa}</UniqueIdentifier>
    </Filter>
    <Filter Include="src\utils">
      <UniqueIdentifier>{86be5a51-d5c3-49be-a889-380a2cba960a}</UniqueIdentifier>
    </Filter>
    <Filter Include="src\shaders">
      <UniqueIdentifier>{7220acde-49f3-4081-a0c5-8850e489a218}</UniqueIdentifier>
    </Filter>
    <Filter Include="src\graphics\buffers">
      <UniqueIdentifier>{5eafbe31-549e-42b1-ab24-d9ae09501a25}</UniqueIdentifier>
    </Filter>
  </ItemGroup>
  <ItemGroup>
    <ClCompile Include="main.cpp">
      <Filter>Source Files</Filter>
    </ClCompile>
    <ClCompile Include="window.cpp">
      <Filter>src\graphics</Filter>
    </ClCompile>
    <ClCompile Include="vector.cpp">
      <Filter>src\maths</Filter>
    </ClCompile>
    <ClCompile Include="matrix.cpp">
      <Filter>src\maths</Filter>
    </ClCompile>
    <ClCompile Include="Shader.cpp">
      <Filter>src\graphics</Filter>
    </ClCompile>
    <ClCompile Include="fileutils.cpp">
      <Filter>src\utils</Filter>
    </ClCompile>
    <ClCompile Include="buffer.cpp">
      <Filter>src\graphics\buffers</Filter>
    </ClCompile>
    <ClCompile Include="IndexBuffer.cpp">
      <Filter>src\graphics\buffers</Filter>
    </ClCompile>
    <ClCompile Include="VertexArray.cpp">
      <Filter>src\graphics\buffers</Filter>
    </ClCompile>
  </ItemGroup>
  <ItemGroup>
    <ClInclude Include="window.h">
      <Filter>src\graphics</Filter>
    </ClInclude>
    <ClInclude Include="maths.h">
      <Filter>src\maths</Filter>
    </ClInclude>
    <ClInclude Include="vector.h">
      <Filter>src\maths</Filter>
    </ClInclude>
    <ClInclude Include="matrix.h">
      <Filter>src\maths</Filter>
    </ClInclude>
    <ClInclude Include="common_math.h">
      <Filter>src\maths</Filter>
    </ClInclude>
    <ClInclude Include="options.h">
      <Filter>Source Files</Filter>
    </ClInclude>
    <ClInclude Include="fileutils.h">
      <Filter>src\utils</Filter>
    </ClInclude>
    <ClInclude Include="Shader.h">
      <Filter>src\graphics</Filter>
    </ClInclude>
    <ClInclude Include="buffer.h">
      <Filter>src\graphics\buffers</Filter>
    </ClInclude>
    <ClInclude Include="IndexBuffer.h">
      <Filter>src\graphics\buffers</Filter>
    </ClInclude>
    <ClInclude Include="VertexArray.h">
      <Filter>src\graphics\buffers</Filter>
    </ClInclude>
  </ItemGroup>
  <ItemGroup>
    <None Include="shaders\basic.frag">
      <Filter>src\shaders</Filter>
    </None>
    <None Include="shaders\basic.vert">
      <Filter>src\shaders</Filter>
    </None>
  </ItemGroup>
</Project>