<?xml version="1.0" encoding="utf-8"?>
<Project ToolsVersion="4.0" xmlns="http://schemas.microsoft.com/developer/msbuild/2003">
  <ItemGroup>
    <Filter Include="Source Files">
      <UniqueIdentifier>{4FC737F1-C7A5-4376-A066-2A32D752A2FF}</UniqueIdentifier>
      <Extensions>cpp;c;cc;cxx;def;odl;idl;hpj;bat;asm;asmx</Extensions>
    </Filter>
    <Filter Include="Header Files">
      <UniqueIdentifier>{93995380-89BD-4b04-88EB-625FBE52EBFB}</UniqueIdentifier>
      <Extensions>h;hh;hpp;hxx;hm;inl;inc;xsd</Extensions>
    </Filter>
    <Filter Include="Resource Files">
      <UniqueIdentifier>{67DA6AB6-F800-4c08-8B7A-83BB121AAD01}</UniqueIdentifier>
      <Extensions>rc;ico;cur;bmp;dlg;rc2;rct;bin;rgs;gif;jpg;jpeg;jpe;resx;tiff;tif;png;wav;mfcribbon-ms</Extensions>
    </Filter>
    <Filter Include="src">
      <UniqueIdentifier>{5d4ed1fb-5f87-4974-835b-c265a5c9408b}</UniqueIdentifier>
    </Filter>
    <Filter Include="src\graphics">
      <UniqueIdentifier>{388fd9ec-7a11-487a-a05a-4d44b889675c}</UniqueIdentifier>
    </Filter>
    <Filter Include="src\input">
      <UniqueIdentifier>{05c4c0f1-8b78-4b40-8153-6abed4148d26}</UniqueIdentifier>
    </Filter>
    <Filter Include="src\maths">
      <UniqueIdentifier>{427fab2c-5eb6-452c-acaf-89b7212adcaa}</UniqueIdentifier>
    </Filter>
    <Filter Include="src\utils">
      <UniqueIdentifier>{86be5a51-d5c3-49be-a889-380a2cba960a}</UniqueIdentifier>
    </Filter>
    <Filter Include="src\shaders">
      <UniqueIdentifier>{7220acde-49f3-4081-a0c5-8850e489a218}</UniqueIdentifier>
    </Filter>
    <Filter Include="src\graphics\buffers">
      <UniqueIdentifier>{5eafbe31-549e-42b1-ab24-d9ae09501a25}</UniqueIdentifier>
    </Filter>
    <Filter Include="src\Events">
      <UniqueIdentifier>{b937a989-7cc3-4adf-8804-0c95d1cbc8d4}</UniqueIdentifier>
    </Filter>
    <Filter Include="src\Log">
      <UniqueIdentifier>{93c3c27d-7457-4185-b994-786fa1b52332}</UniqueIdentifier>
    </Filter>
    <Filter Include="src\platform">
      <UniqueIdentifier>{19b8f8ab-8f43-4825-b9d2-9df15e4b5dc0}</UniqueIdentifier>
    </Filter>
    <Filter Include="src\platform\Windows">
      <UniqueIdentifier>{3bf498aa-461c-4544-a8c0-369538f10d88}</UniqueIdentifier>
    </Filter>
    <Filter Include="src\Layer">
      <UniqueIdentifier>{d92de8a2-8855-461d-afb5-b75534176fe2}</UniqueIdentifier>
    </Filter>
    <Filter Include="src\imgui">
      <UniqueIdentifier>{68344531-03a5-4807-8f5a-d2ef0082c3e4}</UniqueIdentifier>
    </Filter>
    <Filter Include="src\platform\OpenGL">
      <UniqueIdentifier>{fc983ea0-53ef-4a7f-a41c-96dbda94fd64}</UniqueIdentifier>
    </Filter>
    <Filter Include="src\shaders\Getting-started">
      <UniqueIdentifier>{43869b9b-eec9-492a-8832-7b315fca46d7}</UniqueIdentifier>
    </Filter>
    <Filter Include="res">
      <UniqueIdentifier>{8cc65fdc-d027-416a-b880-d1fbeefc9ee5}</UniqueIdentifier>
    </Filter>
    <Filter Include="res\Textures">
      <UniqueIdentifier>{59af1ab9-97b7-46e7-9491-c1b54ab2c815}</UniqueIdentifier>
    </Filter>
    <Filter Include="src\graphics\Textures">
      <UniqueIdentifier>{c17ef060-b561-4ffe-9f3b-6941e8c27c25}</UniqueIdentifier>
    </Filter>
    <Filter Include="src\graphics\Shader">
      <UniqueIdentifier>{da88aafe-6755-42f7-95ea-efcca84cde95}</UniqueIdentifier>
    </Filter>
    <Filter Include="src\graphics\Textures\stb_image">
      <UniqueIdentifier>{6b6f60f3-a63e-4246-aec4-3f39e1ab468c}</UniqueIdentifier>
    </Filter>
    <Filter Include="src\shaders\Lighting">
      <UniqueIdentifier>{4ddae01b-a8e0-4c57-a3be-5b510795a007}</UniqueIdentifier>
    </Filter>
  </ItemGroup>
  <ItemGroup>
    <ClCompile Include="main.cpp">
      <Filter>Source Files</Filter>
    </ClCompile>
    <ClCompile Include="window.cpp">
      <Filter>src\graphics</Filter>
    </ClCompile>
    <ClCompile Include="vector.cpp">
      <Filter>src\maths</Filter>
    </ClCompile>
    <ClCompile Include="matrix.cpp">
      <Filter>src\maths</Filter>
    </ClCompile>
    <ClCompile Include="fileutils.cpp">
      <Filter>src\utils</Filter>
    </ClCompile>
    <ClCompile Include="buffer.cpp">
      <Filter>src\graphics\buffers</Filter>
    </ClCompile>
    <ClCompile Include="IndexBuffer.cpp">
      <Filter>src\graphics\buffers</Filter>
    </ClCompile>
    <ClCompile Include="VertexArray.cpp">
      <Filter>src\graphics\buffers</Filter>
    </ClCompile>
    <ClCompile Include="Log.cpp">
      <Filter>src\Log</Filter>
    </ClCompile>
    <ClCompile Include="Dummy.cpp">
      <Filter>src</Filter>
    </ClCompile>
    <ClCompile Include="sppch.cpp">
      <Filter>src</Filter>
    </ClCompile>
    <ClCompile Include="platform\windows\WindowsWindow.cpp">
      <Filter>src\platform\Windows</Filter>
    </ClCompile>
    <ClCompile Include="Application.cpp">
      <Filter>src</Filter>
    </ClCompile>
    <ClCompile Include="Layer.cpp">
      <Filter>src\Layer</Filter>
    </ClCompile>
    <ClCompile Include="LayerStack.cpp">
      <Filter>src\Layer</Filter>
    </ClCompile>
    <ClCompile Include="glad.c">
      <Filter>src</Filter>
    </ClCompile>
    <ClCompile Include="vendor\glm\detail\glm.cpp">
      <Filter>src\maths</Filter>
    </ClCompile>
    <ClCompile Include="vendor\imgui\imgui.cpp">
      <Filter>src\imgui</Filter>
    </ClCompile>
    <ClCompile Include="vendor\imgui\imgui_demo.cpp">
      <Filter>src\imgui</Filter>
    </ClCompile>
    <ClCompile Include="vendor\imgui\imgui_draw.cpp">
      <Filter>src\imgui</Filter>
    </ClCompile>
    <ClCompile Include="vendor\imgui\imgui_widgets.cpp">
      <Filter>src\imgui</Filter>
    </ClCompile>
    <ClCompile Include="ImGuiLayer.cpp">
      <Filter>src\imgui</Filter>
    </ClCompile>
    <ClCompile Include="platform\OpenGL\imgui_impl_opengl3.cpp">
      <Filter>src\platform\OpenGL</Filter>
    </ClCompile>
    <ClCompile Include="ExampleLayer.cpp">
      <Filter>src\Layer</Filter>
    </ClCompile>
    <ClCompile Include="platform\windows\WindowsInput.cpp">
      <Filter>src\platform\Windows</Filter>
    </ClCompile>
    <ClCompile Include="Input.cpp">
      <Filter>src\input</Filter>
    </ClCompile>
    <ClCompile Include="Shader.cpp">
      <Filter>src\graphics\Shader</Filter>
    </ClCompile>
    <ClCompile Include="Texture.cpp">
      <Filter>src\graphics\Textures</Filter>
    </ClCompile>
    <ClCompile Include="Renderer.cpp">
      <Filter>src</Filter>
    </ClCompile>
    <ClCompile Include="Camera.cpp">
      <Filter>src\graphics</Filter>
    </ClCompile>
  </ItemGroup>
  <ItemGroup>
    <ClInclude Include="window.h">
      <Filter>src\graphics</Filter>
    </ClInclude>
    <ClInclude Include="maths.h">
      <Filter>src\maths</Filter>
    </ClInclude>
    <ClInclude Include="vector.h">
      <Filter>src\maths</Filter>
    </ClInclude>
    <ClInclude Include="matrix.h">
      <Filter>src\maths</Filter>
    </ClInclude>
    <ClInclude Include="common_math.h">
      <Filter>src\maths</Filter>
    </ClInclude>
    <ClInclude Include="fileutils.h">
      <Filter>src\utils</Filter>
    </ClInclude>
    <ClInclude Include="buffer.h">
      <Filter>src\graphics\buffers</Filter>
    </ClInclude>
    <ClInclude Include="IndexBuffer.h">
      <Filter>src\graphics\buffers</Filter>
    </ClInclude>
    <ClInclude Include="VertexArray.h">
      <Filter>src\graphics\buffers</Filter>
    </ClInclude>
    <ClInclude Include="vendor\glm\detail\_features.hpp">
      <Filter>Header Files</Filter>
    </ClInclude>
    <ClInclude Include="vendor\glm\detail\_fixes.hpp">
      <Filter>Header Files</Filter>
    </ClInclude>
    <ClInclude Include="vendor\glm\detail\_noise.hpp">
      <Filter>Header Files</Filter>
    </ClInclude>
    <ClInclude Include="vendor\glm\detail\_swizzle.hpp">
      <Filter>Header Files</Filter>
    </ClInclude>
    <ClInclude Include="vendor\glm\detail\_swizzle_func.hpp">
      <Filter>Header Files</Filter>
    </ClInclude>
    <ClInclude Include="vendor\glm\detail\_vectorize.hpp">
      <Filter>Header Files</Filter>
    </ClInclude>
    <ClInclude Include="vendor\glm\detail\compute_common.hpp">
      <Filter>Header Files</Filter>
    </ClInclude>
    <ClInclude Include="vendor\glm\detail\compute_vector_relational.hpp">
      <Filter>Header Files</Filter>
    </ClInclude>
    <ClInclude Include="vendor\glm\detail\qualifier.hpp">
      <Filter>Header Files</Filter>
    </ClInclude>
    <ClInclude Include="vendor\glm\detail\setup.hpp">
      <Filter>Header Files</Filter>
    </ClInclude>
    <ClInclude Include="vendor\glm\detail\type_float.hpp">
      <Filter>Header Files</Filter>
    </ClInclude>
    <ClInclude Include="vendor\glm\detail\type_half.hpp">
      <Filter>Header Files</Filter>
    </ClInclude>
    <ClInclude Include="vendor\glm\detail\type_mat2x2.hpp">
      <Filter>Header Files</Filter>
    </ClInclude>
    <ClInclude Include="vendor\glm\detail\type_mat2x3.hpp">
      <Filter>Header Files</Filter>
    </ClInclude>
    <ClInclude Include="vendor\glm\detail\type_mat2x4.hpp">
      <Filter>Header Files</Filter>
    </ClInclude>
    <ClInclude Include="vendor\glm\detail\type_mat3x2.hpp">
      <Filter>Header Files</Filter>
    </ClInclude>
    <ClInclude Include="vendor\glm\detail\type_mat3x3.hpp">
      <Filter>Header Files</Filter>
    </ClInclude>
    <ClInclude Include="vendor\glm\detail\type_mat3x4.hpp">
      <Filter>Header Files</Filter>
    </ClInclude>
    <ClInclude Include="vendor\glm\detail\type_mat4x2.hpp">
      <Filter>Header Files</Filter>
    </ClInclude>
    <ClInclude Include="vendor\glm\detail\type_mat4x3.hpp">
      <Filter>Header Files</Filter>
    </ClInclude>
    <ClInclude Include="vendor\glm\detail\type_mat4x4.hpp">
      <Filter>Header Files</Filter>
    </ClInclude>
    <ClInclude Include="vendor\glm\detail\type_quat.hpp">
      <Filter>Header Files</Filter>
    </ClInclude>
    <ClInclude Include="vendor\glm\detail\type_vec1.hpp">
      <Filter>Header Files</Filter>
    </ClInclude>
    <ClInclude Include="vendor\glm\detail\type_vec2.hpp">
      <Filter>Header Files</Filter>
    </ClInclude>
    <ClInclude Include="vendor\glm\detail\type_vec3.hpp">
      <Filter>Header Files</Filter>
    </ClInclude>
    <ClInclude Include="vendor\glm\detail\type_vec4.hpp">
      <Filter>Header Files</Filter>
    </ClInclude>
    <ClInclude Include="vendor\glm\ext\matrix_clip_space.hpp">
      <Filter>Header Files</Filter>
    </ClInclude>
    <ClInclude Include="vendor\glm\ext\matrix_double2x2.hpp">
      <Filter>Header Files</Filter>
    </ClInclude>
    <ClInclude Include="vendor\glm\ext\matrix_double2x2_precision.hpp">
      <Filter>Header Files</Filter>
    </ClInclude>
    <ClInclude Include="vendor\glm\ext\matrix_double2x3.hpp">
      <Filter>Header Files</Filter>
    </ClInclude>
    <ClInclude Include="vendor\glm\ext\matrix_double2x3_precision.hpp">
      <Filter>Header Files</Filter>
    </ClInclude>
    <ClInclude Include="vendor\glm\ext\matrix_double2x4.hpp">
      <Filter>Header Files</Filter>
    </ClInclude>
    <ClInclude Include="vendor\glm\ext\matrix_double2x4_precision.hpp">
      <Filter>Header Files</Filter>
    </ClInclude>
    <ClInclude Include="vendor\glm\ext\matrix_double3x2.hpp">
      <Filter>Header Files</Filter>
    </ClInclude>
    <ClInclude Include="vendor\glm\ext\matrix_double3x2_precision.hpp">
      <Filter>Header Files</Filter>
    </ClInclude>
    <ClInclude Include="vendor\glm\ext\matrix_double3x3.hpp">
      <Filter>Header Files</Filter>
    </ClInclude>
    <ClInclude Include="vendor\glm\ext\matrix_double3x3_precision.hpp">
      <Filter>Header Files</Filter>
    </ClInclude>
    <ClInclude Include="vendor\glm\ext\matrix_double3x4.hpp">
      <Filter>Header Files</Filter>
    </ClInclude>
    <ClInclude Include="vendor\glm\ext\matrix_double3x4_precision.hpp">
      <Filter>Header Files</Filter>
    </ClInclude>
    <ClInclude Include="vendor\glm\ext\matrix_double4x2.hpp">
      <Filter>Header Files</Filter>
    </ClInclude>
    <ClInclude Include="vendor\glm\ext\matrix_double4x2_precision.hpp">
      <Filter>Header Files</Filter>
    </ClInclude>
    <ClInclude Include="vendor\glm\ext\matrix_double4x3.hpp">
      <Filter>Header Files</Filter>
    </ClInclude>
    <ClInclude Include="vendor\glm\ext\matrix_double4x3_precision.hpp">
      <Filter>Header Files</Filter>
    </ClInclude>
    <ClInclude Include="vendor\glm\ext\matrix_double4x4.hpp">
      <Filter>Header Files</Filter>
    </ClInclude>
    <ClInclude Include="vendor\glm\ext\matrix_double4x4_precision.hpp">
      <Filter>Header Files</Filter>
    </ClInclude>
    <ClInclude Include="vendor\glm\ext\matrix_float2x2.hpp">
      <Filter>Header Files</Filter>
    </ClInclude>
    <ClInclude Include="vendor\glm\ext\matrix_float2x2_precision.hpp">
      <Filter>Header Files</Filter>
    </ClInclude>
    <ClInclude Include="vendor\glm\ext\matrix_float2x3.hpp">
      <Filter>Header Files</Filter>
    </ClInclude>
    <ClInclude Include="vendor\glm\ext\matrix_float2x3_precision.hpp">
      <Filter>Header Files</Filter>
    </ClInclude>
    <ClInclude Include="vendor\glm\ext\matrix_float2x4.hpp">
      <Filter>Header Files</Filter>
    </ClInclude>
    <ClInclude Include="vendor\glm\ext\matrix_float2x4_precision.hpp">
      <Filter>Header Files</Filter>
    </ClInclude>
    <ClInclude Include="vendor\glm\ext\matrix_float3x2.hpp">
      <Filter>Header Files</Filter>
    </ClInclude>
    <ClInclude Include="vendor\glm\ext\matrix_float3x2_precision.hpp">
      <Filter>Header Files</Filter>
    </ClInclude>
    <ClInclude Include="vendor\glm\ext\matrix_float3x3.hpp">
      <Filter>Header Files</Filter>
    </ClInclude>
    <ClInclude Include="vendor\glm\ext\matrix_float3x3_precision.hpp">
      <Filter>Header Files</Filter>
    </ClInclude>
    <ClInclude Include="vendor\glm\ext\matrix_float3x4.hpp">
      <Filter>Header Files</Filter>
    </ClInclude>
    <ClInclude Include="vendor\glm\ext\matrix_float3x4_precision.hpp">
      <Filter>Header Files</Filter>
    </ClInclude>
    <ClInclude Include="vendor\glm\ext\matrix_float4x2.hpp">
      <Filter>Header Files</Filter>
    </ClInclude>
    <ClInclude Include="vendor\glm\ext\matrix_float4x2_precision.hpp">
      <Filter>Header Files</Filter>
    </ClInclude>
    <ClInclude Include="vendor\glm\ext\matrix_float4x3.hpp">
      <Filter>Header Files</Filter>
    </ClInclude>
    <ClInclude Include="vendor\glm\ext\matrix_float4x3_precision.hpp">
      <Filter>Header Files</Filter>
    </ClInclude>
    <ClInclude Include="vendor\glm\ext\matrix_float4x4.hpp">
      <Filter>Header Files</Filter>
    </ClInclude>
    <ClInclude Include="vendor\glm\ext\matrix_float4x4_precision.hpp">
      <Filter>Header Files</Filter>
    </ClInclude>
    <ClInclude Include="vendor\glm\ext\matrix_projection.hpp">
      <Filter>Header Files</Filter>
    </ClInclude>
    <ClInclude Include="vendor\glm\ext\matrix_relational.hpp">
      <Filter>Header Files</Filter>
    </ClInclude>
    <ClInclude Include="vendor\glm\ext\matrix_transform.hpp">
      <Filter>Header Files</Filter>
    </ClInclude>
    <ClInclude Include="vendor\glm\ext\quaternion_common.hpp">
      <Filter>Header Files</Filter>
    </ClInclude>
    <ClInclude Include="vendor\glm\ext\quaternion_double.hpp">
      <Filter>Header Files</Filter>
    </ClInclude>
    <ClInclude Include="vendor\glm\ext\quaternion_double_precision.hpp">
      <Filter>Header Files</Filter>
    </ClInclude>
    <ClInclude Include="vendor\glm\ext\quaternion_exponential.hpp">
      <Filter>Header Files</Filter>
    </ClInclude>
    <ClInclude Include="vendor\glm\ext\quaternion_float.hpp">
      <Filter>Header Files</Filter>
    </ClInclude>
    <ClInclude Include="vendor\glm\ext\quaternion_float_precision.hpp">
      <Filter>Header Files</Filter>
    </ClInclude>
    <ClInclude Include="vendor\glm\ext\quaternion_geometric.hpp">
      <Filter>Header Files</Filter>
    </ClInclude>
    <ClInclude Include="vendor\glm\ext\quaternion_relational.hpp">
      <Filter>Header Files</Filter>
    </ClInclude>
    <ClInclude Include="vendor\glm\ext\quaternion_transform.hpp">
      <Filter>Header Files</Filter>
    </ClInclude>
    <ClInclude Include="vendor\glm\ext\quaternion_trigonometric.hpp">
      <Filter>Header Files</Filter>
    </ClInclude>
    <ClInclude Include="vendor\glm\ext\scalar_common.hpp">
      <Filter>Header Files</Filter>
    </ClInclude>
    <ClInclude Include="vendor\glm\ext\scalar_constants.hpp">
      <Filter>Header Files</Filter>
    </ClInclude>
    <ClInclude Include="vendor\glm\ext\scalar_int_sized.hpp">
      <Filter>Header Files</Filter>
    </ClInclude>
    <ClInclude Include="vendor\glm\ext\scalar_relational.hpp">
      <Filter>Header Files</Filter>
    </ClInclude>
    <ClInclude Include="vendor\glm\ext\scalar_uint_sized.hpp">
      <Filter>Header Files</Filter>
    </ClInclude>
    <ClInclude Include="vendor\glm\ext\scalar_ulp.hpp">
      <Filter>Header Files</Filter>
    </ClInclude>
    <ClInclude Include="vendor\glm\ext\vector_bool1.hpp">
      <Filter>Header Files</Filter>
    </ClInclude>
    <ClInclude Include="vendor\glm\ext\vector_bool1_precision.hpp">
      <Filter>Header Files</Filter>
    </ClInclude>
    <ClInclude Include="vendor\glm\ext\vector_bool2.hpp">
      <Filter>Header Files</Filter>
    </ClInclude>
    <ClInclude Include="vendor\glm\ext\vector_bool2_precision.hpp">
      <Filter>Header Files</Filter>
    </ClInclude>
    <ClInclude Include="vendor\glm\ext\vector_bool3.hpp">
      <Filter>Header Files</Filter>
    </ClInclude>
    <ClInclude Include="vendor\glm\ext\vector_bool3_precision.hpp">
      <Filter>Header Files</Filter>
    </ClInclude>
    <ClInclude Include="vendor\glm\ext\vector_bool4.hpp">
      <Filter>Header Files</Filter>
    </ClInclude>
    <ClInclude Include="vendor\glm\ext\vector_bool4_precision.hpp">
      <Filter>Header Files</Filter>
    </ClInclude>
    <ClInclude Include="vendor\glm\ext\vector_common.hpp">
      <Filter>Header Files</Filter>
    </ClInclude>
    <ClInclude Include="vendor\glm\ext\vector_double1.hpp">
      <Filter>Header Files</Filter>
    </ClInclude>
    <ClInclude Include="vendor\glm\ext\vector_double1_precision.hpp">
      <Filter>Header Files</Filter>
    </ClInclude>
    <ClInclude Include="vendor\glm\ext\vector_double2.hpp">
      <Filter>Header Files</Filter>
    </ClInclude>
    <ClInclude Include="vendor\glm\ext\vector_double2_precision.hpp">
      <Filter>Header Files</Filter>
    </ClInclude>
    <ClInclude Include="vendor\glm\ext\vector_double3.hpp">
      <Filter>Header Files</Filter>
    </ClInclude>
    <ClInclude Include="vendor\glm\ext\vector_double3_precision.hpp">
      <Filter>Header Files</Filter>
    </ClInclude>
    <ClInclude Include="vendor\glm\ext\vector_double4.hpp">
      <Filter>Header Files</Filter>
    </ClInclude>
    <ClInclude Include="vendor\glm\ext\vector_double4_precision.hpp">
      <Filter>Header Files</Filter>
    </ClInclude>
    <ClInclude Include="vendor\glm\ext\vector_float1.hpp">
      <Filter>Header Files</Filter>
    </ClInclude>
    <ClInclude Include="vendor\glm\ext\vector_float1_precision.hpp">
      <Filter>Header Files</Filter>
    </ClInclude>
    <ClInclude Include="vendor\glm\ext\vector_float2.hpp">
      <Filter>Header Files</Filter>
    </ClInclude>
    <ClInclude Include="vendor\glm\ext\vector_float2_precision.hpp">
      <Filter>Header Files</Filter>
    </ClInclude>
    <ClInclude Include="vendor\glm\ext\vector_float3.hpp">
      <Filter>Header Files</Filter>
    </ClInclude>
    <ClInclude Include="vendor\glm\ext\vector_float3_precision.hpp">
      <Filter>Header Files</Filter>
    </ClInclude>
    <ClInclude Include="vendor\glm\ext\vector_float4.hpp">
      <Filter>Header Files</Filter>
    </ClInclude>
    <ClInclude Include="vendor\glm\ext\vector_float4_precision.hpp">
      <Filter>Header Files</Filter>
    </ClInclude>
    <ClInclude Include="vendor\glm\ext\vector_int1.hpp">
      <Filter>Header Files</Filter>
    </ClInclude>
    <ClInclude Include="vendor\glm\ext\vector_int1_precision.hpp">
      <Filter>Header Files</Filter>
    </ClInclude>
    <ClInclude Include="vendor\glm\ext\vector_int2.hpp">
      <Filter>Header Files</Filter>
    </ClInclude>
    <ClInclude Include="vendor\glm\ext\vector_int2_precision.hpp">
      <Filter>Header Files</Filter>
    </ClInclude>
    <ClInclude Include="vendor\glm\ext\vector_int3.hpp">
      <Filter>Header Files</Filter>
    </ClInclude>
    <ClInclude Include="vendor\glm\ext\vector_int3_precision.hpp">
      <Filter>Header Files</Filter>
    </ClInclude>
    <ClInclude Include="vendor\glm\ext\vector_int4.hpp">
      <Filter>Header Files</Filter>
    </ClInclude>
    <ClInclude Include="vendor\glm\ext\vector_int4_precision.hpp">
      <Filter>Header Files</Filter>
    </ClInclude>
    <ClInclude Include="vendor\glm\ext\vector_relational.hpp">
      <Filter>Header Files</Filter>
    </ClInclude>
    <ClInclude Include="vendor\glm\ext\vector_uint1.hpp">
      <Filter>Header Files</Filter>
    </ClInclude>
    <ClInclude Include="vendor\glm\ext\vector_uint1_precision.hpp">
      <Filter>Header Files</Filter>
    </ClInclude>
    <ClInclude Include="vendor\glm\ext\vector_uint2.hpp">
      <Filter>Header Files</Filter>
    </ClInclude>
    <ClInclude Include="vendor\glm\ext\vector_uint2_precision.hpp">
      <Filter>Header Files</Filter>
    </ClInclude>
    <ClInclude Include="vendor\glm\ext\vector_uint3.hpp">
      <Filter>Header Files</Filter>
    </ClInclude>
    <ClInclude Include="vendor\glm\ext\vector_uint3_precision.hpp">
      <Filter>Header Files</Filter>
    </ClInclude>
    <ClInclude Include="vendor\glm\ext\vector_uint4.hpp">
      <Filter>Header Files</Filter>
    </ClInclude>
    <ClInclude Include="vendor\glm\ext\vector_uint4_precision.hpp">
      <Filter>Header Files</Filter>
    </ClInclude>
    <ClInclude Include="vendor\glm\ext\vector_ulp.hpp">
      <Filter>Header Files</Filter>
    </ClInclude>
    <ClInclude Include="vendor\glm\gtc\bitfield.hpp">
      <Filter>Header Files</Filter>
    </ClInclude>
    <ClInclude Include="vendor\glm\gtc\color_space.hpp">
      <Filter>Header Files</Filter>
    </ClInclude>
    <ClInclude Include="vendor\glm\gtc\constants.hpp">
      <Filter>Header Files</Filter>
    </ClInclude>
    <ClInclude Include="vendor\glm\gtc\epsilon.hpp">
      <Filter>Header Files</Filter>
    </ClInclude>
    <ClInclude Include="vendor\glm\gtc\integer.hpp">
      <Filter>Header Files</Filter>
    </ClInclude>
    <ClInclude Include="vendor\glm\gtc\matrix_access.hpp">
      <Filter>Header Files</Filter>
    </ClInclude>
    <ClInclude Include="vendor\glm\gtc\matrix_integer.hpp">
      <Filter>Header Files</Filter>
    </ClInclude>
    <ClInclude Include="vendor\glm\gtc\matrix_inverse.hpp">
      <Filter>Header Files</Filter>
    </ClInclude>
    <ClInclude Include="vendor\glm\gtc\matrix_transform.hpp">
      <Filter>Header Files</Filter>
    </ClInclude>
    <ClInclude Include="vendor\glm\gtc\noise.hpp">
      <Filter>Header Files</Filter>
    </ClInclude>
    <ClInclude Include="vendor\glm\gtc\packing.hpp">
      <Filter>Header Files</Filter>
    </ClInclude>
    <ClInclude Include="vendor\glm\gtc\quaternion.hpp">
      <Filter>Header Files</Filter>
    </ClInclude>
    <ClInclude Include="vendor\glm\gtc\random.hpp">
      <Filter>Header Files</Filter>
    </ClInclude>
    <ClInclude Include="vendor\glm\gtc\reciprocal.hpp">
      <Filter>Header Files</Filter>
    </ClInclude>
    <ClInclude Include="vendor\glm\gtc\round.hpp">
      <Filter>Header Files</Filter>
    </ClInclude>
    <ClInclude Include="vendor\glm\gtc\type_aligned.hpp">
      <Filter>Header Files</Filter>
    </ClInclude>
    <ClInclude Include="vendor\glm\gtc\type_precision.hpp">
      <Filter>Header Files</Filter>
    </ClInclude>
    <ClInclude Include="vendor\glm\gtc\type_ptr.hpp">
      <Filter>Header Files</Filter>
    </ClInclude>
    <ClInclude Include="vendor\glm\gtc\ulp.hpp">
      <Filter>Header Files</Filter>
    </ClInclude>
    <ClInclude Include="vendor\glm\gtc\vec1.hpp">
      <Filter>Header Files</Filter>
    </ClInclude>
    <ClInclude Include="vendor\glm\gtx\associated_min_max.hpp">
      <Filter>Header Files</Filter>
    </ClInclude>
    <ClInclude Include="vendor\glm\gtx\bit.hpp">
      <Filter>Header Files</Filter>
    </ClInclude>
    <ClInclude Include="vendor\glm\gtx\closest_point.hpp">
      <Filter>Header Files</Filter>
    </ClInclude>
    <ClInclude Include="vendor\glm\gtx\color_encoding.hpp">
      <Filter>Header Files</Filter>
    </ClInclude>
    <ClInclude Include="vendor\glm\gtx\color_space.hpp">
      <Filter>Header Files</Filter>
    </ClInclude>
    <ClInclude Include="vendor\glm\gtx\color_space_YCoCg.hpp">
      <Filter>Header Files</Filter>
    </ClInclude>
    <ClInclude Include="vendor\glm\gtx\common.hpp">
      <Filter>Header Files</Filter>
    </ClInclude>
    <ClInclude Include="vendor\glm\gtx\compatibility.hpp">
      <Filter>Header Files</Filter>
    </ClInclude>
    <ClInclude Include="vendor\glm\gtx\component_wise.hpp">
      <Filter>Header Files</Filter>
    </ClInclude>
    <ClInclude Include="vendor\glm\gtx\dual_quaternion.hpp">
      <Filter>Header Files</Filter>
    </ClInclude>
    <ClInclude Include="vendor\glm\gtx\easing.hpp">
      <Filter>Header Files</Filter>
    </ClInclude>
    <ClInclude Include="vendor\glm\gtx\euler_angles.hpp">
      <Filter>Header Files</Filter>
    </ClInclude>
    <ClInclude Include="vendor\glm\gtx\extend.hpp">
      <Filter>Header Files</Filter>
    </ClInclude>
    <ClInclude Include="vendor\glm\gtx\extended_min_max.hpp">
      <Filter>Header Files</Filter>
    </ClInclude>
    <ClInclude Include="vendor\glm\gtx\exterior_product.hpp">
      <Filter>Header Files</Filter>
    </ClInclude>
    <ClInclude Include="vendor\glm\gtx\fast_exponential.hpp">
      <Filter>Header Files</Filter>
    </ClInclude>
    <ClInclude Include="vendor\glm\gtx\fast_square_root.hpp">
      <Filter>Header Files</Filter>
    </ClInclude>
    <ClInclude Include="vendor\glm\gtx\fast_trigonometry.hpp">
      <Filter>Header Files</Filter>
    </ClInclude>
    <ClInclude Include="vendor\glm\gtx\functions.hpp">
      <Filter>Header Files</Filter>
    </ClInclude>
    <ClInclude Include="vendor\glm\gtx\gradient_paint.hpp">
      <Filter>Header Files</Filter>
    </ClInclude>
    <ClInclude Include="vendor\glm\gtx\handed_coordinate_space.hpp">
      <Filter>Header Files</Filter>
    </ClInclude>
    <ClInclude Include="vendor\glm\gtx\hash.hpp">
      <Filter>Header Files</Filter>
    </ClInclude>
    <ClInclude Include="vendor\glm\gtx\integer.hpp">
      <Filter>Header Files</Filter>
    </ClInclude>
    <ClInclude Include="vendor\glm\gtx\intersect.hpp">
      <Filter>Header Files</Filter>
    </ClInclude>
    <ClInclude Include="vendor\glm\gtx\io.hpp">
      <Filter>Header Files</Filter>
    </ClInclude>
    <ClInclude Include="vendor\glm\gtx\log_base.hpp">
      <Filter>Header Files</Filter>
    </ClInclude>
    <ClInclude Include="vendor\glm\gtx\matrix_cross_product.hpp">
      <Filter>Header Files</Filter>
    </ClInclude>
    <ClInclude Include="vendor\glm\gtx\matrix_decompose.hpp">
      <Filter>Header Files</Filter>
    </ClInclude>
    <ClInclude Include="vendor\glm\gtx\matrix_factorisation.hpp">
      <Filter>Header Files</Filter>
    </ClInclude>
    <ClInclude Include="vendor\glm\gtx\matrix_interpolation.hpp">
      <Filter>Header Files</Filter>
    </ClInclude>
    <ClInclude Include="vendor\glm\gtx\matrix_major_storage.hpp">
      <Filter>Header Files</Filter>
    </ClInclude>
    <ClInclude Include="vendor\glm\gtx\matrix_operation.hpp">
      <Filter>Header Files</Filter>
    </ClInclude>
    <ClInclude Include="vendor\glm\gtx\matrix_query.hpp">
      <Filter>Header Files</Filter>
    </ClInclude>
    <ClInclude Include="vendor\glm\gtx\matrix_transform_2d.hpp">
      <Filter>Header Files</Filter>
    </ClInclude>
    <ClInclude Include="vendor\glm\gtx\mixed_product.hpp">
      <Filter>Header Files</Filter>
    </ClInclude>
    <ClInclude Include="vendor\glm\gtx\norm.hpp">
      <Filter>Header Files</Filter>
    </ClInclude>
    <ClInclude Include="vendor\glm\gtx\normal.hpp">
      <Filter>Header Files</Filter>
    </ClInclude>
    <ClInclude Include="vendor\glm\gtx\normalize_dot.hpp">
      <Filter>Header Files</Filter>
    </ClInclude>
    <ClInclude Include="vendor\glm\gtx\number_precision.hpp">
      <Filter>Header Files</Filter>
    </ClInclude>
    <ClInclude Include="vendor\glm\gtx\optimum_pow.hpp">
      <Filter>Header Files</Filter>
    </ClInclude>
    <ClInclude Include="vendor\glm\gtx\orthonormalize.hpp">
      <Filter>Header Files</Filter>
    </ClInclude>
    <ClInclude Include="vendor\glm\gtx\perpendicular.hpp">
      <Filter>Header Files</Filter>
    </ClInclude>
    <ClInclude Include="vendor\glm\gtx\polar_coordinates.hpp">
      <Filter>Header Files</Filter>
    </ClInclude>
    <ClInclude Include="vendor\glm\gtx\projection.hpp">
      <Filter>Header Files</Filter>
    </ClInclude>
    <ClInclude Include="vendor\glm\gtx\quaternion.hpp">
      <Filter>Header Files</Filter>
    </ClInclude>
    <ClInclude Include="vendor\glm\gtx\range.hpp">
      <Filter>Header Files</Filter>
    </ClInclude>
    <ClInclude Include="vendor\glm\gtx\raw_data.hpp">
      <Filter>Header Files</Filter>
    </ClInclude>
    <ClInclude Include="vendor\glm\gtx\rotate_normalized_axis.hpp">
      <Filter>Header Files</Filter>
    </ClInclude>
    <ClInclude Include="vendor\glm\gtx\rotate_vector.hpp">
      <Filter>Header Files</Filter>
    </ClInclude>
    <ClInclude Include="vendor\glm\gtx\scalar_multiplication.hpp">
      <Filter>Header Files</Filter>
    </ClInclude>
    <ClInclude Include="vendor\glm\gtx\scalar_relational.hpp">
      <Filter>Header Files</Filter>
    </ClInclude>
    <ClInclude Include="vendor\glm\gtx\spline.hpp">
      <Filter>Header Files</Filter>
    </ClInclude>
    <ClInclude Include="vendor\glm\gtx\std_based_type.hpp">
      <Filter>Header Files</Filter>
    </ClInclude>
    <ClInclude Include="vendor\glm\gtx\string_cast.hpp">
      <Filter>Header Files</Filter>
    </ClInclude>
    <ClInclude Include="vendor\glm\gtx\texture.hpp">
      <Filter>Header Files</Filter>
    </ClInclude>
    <ClInclude Include="vendor\glm\gtx\transform.hpp">
      <Filter>Header Files</Filter>
    </ClInclude>
    <ClInclude Include="vendor\glm\gtx\transform2.hpp">
      <Filter>Header Files</Filter>
    </ClInclude>
    <ClInclude Include="vendor\glm\gtx\type_aligned.hpp">
      <Filter>Header Files</Filter>
    </ClInclude>
    <ClInclude Include="vendor\glm\gtx\type_trait.hpp">
      <Filter>Header Files</Filter>
    </ClInclude>
    <ClInclude Include="vendor\glm\gtx\vec_swizzle.hpp">
      <Filter>Header Files</Filter>
    </ClInclude>
    <ClInclude Include="vendor\glm\gtx\vector_angle.hpp">
      <Filter>Header Files</Filter>
    </ClInclude>
    <ClInclude Include="vendor\glm\gtx\vector_query.hpp">
      <Filter>Header Files</Filter>
    </ClInclude>
    <ClInclude Include="vendor\glm\gtx\wrap.hpp">
      <Filter>Header Files</Filter>
    </ClInclude>
    <ClInclude Include="vendor\glm\simd\common.h">
      <Filter>Header Files</Filter>
    </ClInclude>
    <ClInclude Include="vendor\glm\simd\exponential.h">
      <Filter>Header Files</Filter>
    </ClInclude>
    <ClInclude Include="vendor\glm\simd\geometric.h">
      <Filter>Header Files</Filter>
    </ClInclude>
    <ClInclude Include="vendor\glm\simd\integer.h">
      <Filter>Header Files</Filter>
    </ClInclude>
    <ClInclude Include="vendor\glm\simd\matrix.h">
      <Filter>Header Files</Filter>
    </ClInclude>
    <ClInclude Include="vendor\glm\simd\packing.h">
      <Filter>Header Files</Filter>
    </ClInclude>
    <ClInclude Include="vendor\glm\simd\platform.h">
      <Filter>Header Files</Filter>
    </ClInclude>
    <ClInclude Include="vendor\glm\simd\trigonometric.h">
      <Filter>Header Files</Filter>
    </ClInclude>
    <ClInclude Include="vendor\glm\simd\vector_relational.h">
      <Filter>Header Files</Filter>
    </ClInclude>
    <ClInclude Include="vendor\glm\common.hpp">
      <Filter>Header Files</Filter>
    </ClInclude>
    <ClInclude Include="vendor\glm\exponential.hpp">
      <Filter>Header Files</Filter>
    </ClInclude>
    <ClInclude Include="vendor\glm\ext.hpp">
      <Filter>Header Files</Filter>
    </ClInclude>
    <ClInclude Include="vendor\glm\fwd.hpp">
      <Filter>Header Files</Filter>
    </ClInclude>
    <ClInclude Include="vendor\glm\geometric.hpp">
      <Filter>Header Files</Filter>
    </ClInclude>
    <ClInclude Include="vendor\glm\glm.hpp">
      <Filter>Header Files</Filter>
    </ClInclude>
    <ClInclude Include="vendor\glm\integer.hpp">
      <Filter>Header Files</Filter>
    </ClInclude>
    <ClInclude Include="vendor\glm\mat2x2.hpp">
      <Filter>Header Files</Filter>
    </ClInclude>
    <ClInclude Include="vendor\glm\mat2x3.hpp">
      <Filter>Header Files</Filter>
    </ClInclude>
    <ClInclude Include="vendor\glm\mat2x4.hpp">
      <Filter>Header Files</Filter>
    </ClInclude>
    <ClInclude Include="vendor\glm\mat3x2.hpp">
      <Filter>Header Files</Filter>
    </ClInclude>
    <ClInclude Include="vendor\glm\mat3x3.hpp">
      <Filter>Header Files</Filter>
    </ClInclude>
    <ClInclude Include="vendor\glm\mat3x4.hpp">
      <Filter>Header Files</Filter>
    </ClInclude>
    <ClInclude Include="vendor\glm\mat4x2.hpp">
      <Filter>Header Files</Filter>
    </ClInclude>
    <ClInclude Include="vendor\glm\mat4x3.hpp">
      <Filter>Header Files</Filter>
    </ClInclude>
    <ClInclude Include="vendor\glm\mat4x4.hpp">
      <Filter>Header Files</Filter>
    </ClInclude>
    <ClInclude Include="vendor\glm\matrix.hpp">
      <Filter>Header Files</Filter>
    </ClInclude>
    <ClInclude Include="vendor\glm\packing.hpp">
      <Filter>Header Files</Filter>
    </ClInclude>
    <ClInclude Include="vendor\glm\trigonometric.hpp">
      <Filter>Header Files</Filter>
    </ClInclude>
    <ClInclude Include="vendor\glm\vec2.hpp">
      <Filter>Header Files</Filter>
    </ClInclude>
    <ClInclude Include="vendor\glm\vec3.hpp">
      <Filter>Header Files</Filter>
    </ClInclude>
    <ClInclude Include="vendor\glm\vec4.hpp">
      <Filter>Header Files</Filter>
    </ClInclude>
    <ClInclude Include="vendor\glm\vector_relational.hpp">
      <Filter>Header Files</Filter>
    </ClInclude>
    <ClInclude Include="vendor\imgui\imconfig.h">
      <Filter>Header Files</Filter>
    </ClInclude>
    <ClInclude Include="vendor\imgui\imgui.h">
      <Filter>Header Files</Filter>
    </ClInclude>
    <ClInclude Include="vendor\imgui\imgui_internal.h">
      <Filter>Header Files</Filter>
    </ClInclude>
    <ClInclude Include="vendor\imgui\stb_rect_pack.h">
      <Filter>Header Files</Filter>
    </ClInclude>
    <ClInclude Include="vendor\imgui\stb_textedit.h">
      <Filter>Header Files</Filter>
    </ClInclude>
    <ClInclude Include="vendor\imgui\stb_truetype.h">
      <Filter>Header Files</Filter>
    </ClInclude>
    <ClInclude Include="Events\ApplicationEvent.h">
      <Filter>src\Events</Filter>
    </ClInclude>
    <ClInclude Include="Events\Event.h">
      <Filter>src\Events</Filter>
    </ClInclude>
    <ClInclude Include="Events\KeyEvent.h">
      <Filter>src\Events</Filter>
    </ClInclude>
    <ClInclude Include="Events\MouseEvent.h">
      <Filter>src\Events</Filter>
    </ClInclude>
    <ClInclude Include="Log.h">
      <Filter>src\Log</Filter>
    </ClInclude>
    <ClInclude Include="Core.h">
      <Filter>src</Filter>
    </ClInclude>
    <ClInclude Include="Dummy.h">
      <Filter>src</Filter>
    </ClInclude>
    <ClInclude Include="sppch.h">
      <Filter>src</Filter>
    </ClInclude>
    <ClInclude Include="platform\windows\WindowsWindow.h">
      <Filter>src\platform\Windows</Filter>
    </ClInclude>
    <ClInclude Include="Application.h">
      <Filter>src</Filter>
    </ClInclude>
    <ClInclude Include="Layer.h">
      <Filter>src\Layer</Filter>
    </ClInclude>
    <ClInclude Include="LayerStack.h">
      <Filter>src\Layer</Filter>
    </ClInclude>
    <ClInclude Include="options.h">
      <Filter>src</Filter>
    </ClInclude>
    <ClInclude Include="vendor\imgui\imstb_rectpack.h">
      <Filter>Header Files</Filter>
    </ClInclude>
    <ClInclude Include="vendor\imgui\imstb_textedit.h">
      <Filter>Header Files</Filter>
    </ClInclude>
    <ClInclude Include="vendor\imgui\imstb_truetype.h">
      <Filter>Header Files</Filter>
    </ClInclude>
    <ClInclude Include="ImGuiLayer.h">
      <Filter>src\imgui</Filter>
    </ClInclude>
    <ClInclude Include="platform\OpenGL\imgui_impl_opengl3.h">
      <Filter>Header Files</Filter>
    </ClInclude>
    <ClInclude Include="vendor\imgui\imgui_impl_glfw_gl3.h">
      <Filter>src\platform\OpenGL</Filter>
    </ClInclude>
    <ClInclude Include="ExampleLayer.h">
      <Filter>src\Layer</Filter>
    </ClInclude>
    <ClInclude Include="platform\windows\WindowsInput.h">
      <Filter>src\platform\Windows</Filter>
    </ClInclude>
    <ClInclude Include="Input.h">
      <Filter>src\input</Filter>
    </ClInclude>
    <ClInclude Include="KeyCodes.h">
      <Filter>src\input</Filter>
    </ClInclude>
    <ClInclude Include="MouseButtonCodes.h">
      <Filter>src\input</Filter>
    </ClInclude>
    <ClInclude Include="Shader.h">
      <Filter>src\graphics\Shader</Filter>
    </ClInclude>
    <ClInclude Include="vendor\stb_image\stb_image.h">
      <Filter>src\graphics\Textures\stb_image</Filter>
    </ClInclude>
    <ClInclude Include="Texture.h">
      <Filter>src\graphics\Textures</Filter>
    </ClInclude>
    <ClInclude Include="Renderer.h">
      <Filter>src</Filter>
    </ClInclude>
    <ClInclude Include="Camera.h">
      <Filter>src\graphics</Filter>
    </ClInclude>
  </ItemGroup>
  <ItemGroup>
    <None Include="vendor\glm\detail\func_common.inl">
      <Filter>Header Files</Filter>
    </None>
    <None Include="vendor\glm\detail\func_common_simd.inl">
      <Filter>Header Files</Filter>
    </None>
    <None Include="vendor\glm\detail\func_exponential.inl">
      <Filter>Header Files</Filter>
    </None>
    <None Include="vendor\glm\detail\func_exponential_simd.inl">
      <Filter>Header Files</Filter>
    </None>
    <None Include="vendor\glm\detail\func_geometric.inl">
      <Filter>Header Files</Filter>
    </None>
    <None Include="vendor\glm\detail\func_geometric_simd.inl">
      <Filter>Header Files</Filter>
    </None>
    <None Include="vendor\glm\detail\func_integer.inl">
      <Filter>Header Files</Filter>
    </None>
    <None Include="vendor\glm\detail\func_integer_simd.inl">
      <Filter>Header Files</Filter>
    </None>
    <None Include="vendor\glm\detail\func_matrix.inl">
      <Filter>Header Files</Filter>
    </None>
    <None Include="vendor\glm\detail\func_matrix_simd.inl">
      <Filter>Header Files</Filter>
    </None>
    <None Include="vendor\glm\detail\func_packing.inl">
      <Filter>Header Files</Filter>
    </None>
    <None Include="vendor\glm\detail\func_packing_simd.inl">
      <Filter>Header Files</Filter>
    </None>
    <None Include="vendor\glm\detail\func_trigonometric.inl">
      <Filter>Header Files</Filter>
    </None>
    <None Include="vendor\glm\detail\func_trigonometric_simd.inl">
      <Filter>Header Files</Filter>
    </None>
    <None Include="vendor\glm\detail\func_vector_relational.inl">
      <Filter>Header Files</Filter>
    </None>
    <None Include="vendor\glm\detail\func_vector_relational_simd.inl">
      <Filter>Header Files</Filter>
    </None>
    <None Include="vendor\glm\detail\type_half.inl">
      <Filter>Header Files</Filter>
    </None>
    <None Include="vendor\glm\detail\type_mat2x2.inl">
      <Filter>Header Files</Filter>
    </None>
    <None Include="vendor\glm\detail\type_mat2x3.inl">
      <Filter>Header Files</Filter>
    </None>
    <None Include="vendor\glm\detail\type_mat2x4.inl">
      <Filter>Header Files</Filter>
    </None>
    <None Include="vendor\glm\detail\type_mat3x2.inl">
      <Filter>Header Files</Filter>
    </None>
    <None Include="vendor\glm\detail\type_mat3x3.inl">
      <Filter>Header Files</Filter>
    </None>
    <None Include="vendor\glm\detail\type_mat3x4.inl">
      <Filter>Header Files</Filter>
    </None>
    <None Include="vendor\glm\detail\type_mat4x2.inl">
      <Filter>Header Files</Filter>
    </None>
    <None Include="vendor\glm\detail\type_mat4x3.inl">
      <Filter>Header Files</Filter>
    </None>
    <None Include="vendor\glm\detail\type_mat4x4.inl">
      <Filter>Header Files</Filter>
    </None>
    <None Include="vendor\glm\detail\type_mat4x4_simd.inl">
      <Filter>Header Files</Filter>
    </None>
    <None Include="vendor\glm\detail\type_quat.inl">
      <Filter>Header Files</Filter>
    </None>
    <None Include="vendor\glm\detail\type_quat_simd.inl">
      <Filter>Header Files</Filter>
    </None>
    <None Include="vendor\glm\detail\type_vec1.inl">
      <Filter>Header Files</Filter>
    </None>
    <None Include="vendor\glm\detail\type_vec2.inl">
      <Filter>Header Files</Filter>
    </None>
    <None Include="vendor\glm\detail\type_vec3.inl">
      <Filter>Header Files</Filter>
    </None>
    <None Include="vendor\glm\detail\type_vec4.inl">
      <Filter>Header Files</Filter>
    </None>
    <None Include="vendor\glm\detail\type_vec4_simd.inl">
      <Filter>Header Files</Filter>
    </None>
    <None Include="vendor\glm\ext\matrix_clip_space.inl">
      <Filter>Header Files</Filter>
    </None>
    <None Include="vendor\glm\ext\matrix_projection.inl">
      <Filter>Header Files</Filter>
    </None>
    <None Include="vendor\glm\ext\matrix_relational.inl">
      <Filter>Header Files</Filter>
    </None>
    <None Include="vendor\glm\ext\matrix_transform.inl">
      <Filter>Header Files</Filter>
    </None>
    <None Include="vendor\glm\ext\quaternion_common.inl">
      <Filter>Header Files</Filter>
    </None>
    <None Include="vendor\glm\ext\quaternion_common_simd.inl">
      <Filter>Header Files</Filter>
    </None>
    <None Include="vendor\glm\ext\quaternion_exponential.inl">
      <Filter>Header Files</Filter>
    </None>
    <None Include="vendor\glm\ext\quaternion_geometric.inl">
      <Filter>Header Files</Filter>
    </None>
    <None Include="vendor\glm\ext\quaternion_relational.inl">
      <Filter>Header Files</Filter>
    </None>
    <None Include="vendor\glm\ext\quaternion_transform.inl">
      <Filter>Header Files</Filter>
    </None>
    <None Include="vendor\glm\ext\quaternion_trigonometric.inl">
      <Filter>Header Files</Filter>
    </None>
    <None Include="vendor\glm\ext\scalar_common.inl">
      <Filter>Header Files</Filter>
    </None>
    <None Include="vendor\glm\ext\scalar_constants.inl">
      <Filter>Header Files</Filter>
    </None>
    <None Include="vendor\glm\ext\scalar_relational.inl">
      <Filter>Header Files</Filter>
    </None>
    <None Include="vendor\glm\ext\scalar_ulp.inl">
      <Filter>Header Files</Filter>
    </None>
    <None Include="vendor\glm\ext\vector_common.inl">
      <Filter>Header Files</Filter>
    </None>
    <None Include="vendor\glm\ext\vector_relational.inl">
      <Filter>Header Files</Filter>
    </None>
    <None Include="vendor\glm\ext\vector_ulp.inl">
      <Filter>Header Files</Filter>
    </None>
    <None Include="vendor\glm\gtc\bitfield.inl">
      <Filter>Header Files</Filter>
    </None>
    <None Include="vendor\glm\gtc\color_space.inl">
      <Filter>Header Files</Filter>
    </None>
    <None Include="vendor\glm\gtc\constants.inl">
      <Filter>Header Files</Filter>
    </None>
    <None Include="vendor\glm\gtc\epsilon.inl">
      <Filter>Header Files</Filter>
    </None>
    <None Include="vendor\glm\gtc\integer.inl">
      <Filter>Header Files</Filter>
    </None>
    <None Include="vendor\glm\gtc\matrix_access.inl">
      <Filter>Header Files</Filter>
    </None>
    <None Include="vendor\glm\gtc\matrix_inverse.inl">
      <Filter>Header Files</Filter>
    </None>
    <None Include="vendor\glm\gtc\matrix_transform.inl">
      <Filter>Header Files</Filter>
    </None>
    <None Include="vendor\glm\gtc\noise.inl">
      <Filter>Header Files</Filter>
    </None>
    <None Include="vendor\glm\gtc\packing.inl">
      <Filter>Header Files</Filter>
    </None>
    <None Include="vendor\glm\gtc\quaternion.inl">
      <Filter>Header Files</Filter>
    </None>
    <None Include="vendor\glm\gtc\quaternion_simd.inl">
      <Filter>Header Files</Filter>
    </None>
    <None Include="vendor\glm\gtc\random.inl">
      <Filter>Header Files</Filter>
    </None>
    <None Include="vendor\glm\gtc\reciprocal.inl">
      <Filter>Header Files</Filter>
    </None>
    <None Include="vendor\glm\gtc\round.inl">
      <Filter>Header Files</Filter>
    </None>
    <None Include="vendor\glm\gtc\type_precision.inl">
      <Filter>Header Files</Filter>
    </None>
    <None Include="vendor\glm\gtc\type_ptr.inl">
      <Filter>Header Files</Filter>
    </None>
    <None Include="vendor\glm\gtc\ulp.inl">
      <Filter>Header Files</Filter>
    </None>
    <None Include="vendor\glm\gtx\associated_min_max.inl">
      <Filter>Header Files</Filter>
    </None>
    <None Include="vendor\glm\gtx\bit.inl">
      <Filter>Header Files</Filter>
    </None>
    <None Include="vendor\glm\gtx\closest_point.inl">
      <Filter>Header Files</Filter>
    </None>
    <None Include="vendor\glm\gtx\color_encoding.inl">
      <Filter>Header Files</Filter>
    </None>
    <None Include="vendor\glm\gtx\color_space.inl">
      <Filter>Header Files</Filter>
    </None>
    <None Include="vendor\glm\gtx\color_space_YCoCg.inl">
      <Filter>Header Files</Filter>
    </None>
    <None Include="vendor\glm\gtx\common.inl">
      <Filter>Header Files</Filter>
    </None>
    <None Include="vendor\glm\gtx\compatibility.inl">
      <Filter>Header Files</Filter>
    </None>
    <None Include="vendor\glm\gtx\component_wise.inl">
      <Filter>Header Files</Filter>
    </None>
    <None Include="vendor\glm\gtx\dual_quaternion.inl">
      <Filter>Header Files</Filter>
    </None>
    <None Include="vendor\glm\gtx\easing.inl">
      <Filter>Header Files</Filter>
    </None>
    <None Include="vendor\glm\gtx\euler_angles.inl">
      <Filter>Header Files</Filter>
    </None>
    <None Include="vendor\glm\gtx\extend.inl">
      <Filter>Header Files</Filter>
    </None>
    <None Include="vendor\glm\gtx\extended_min_max.inl">
      <Filter>Header Files</Filter>
    </None>
    <None Include="vendor\glm\gtx\exterior_product.inl">
      <Filter>Header Files</Filter>
    </None>
    <None Include="vendor\glm\gtx\fast_exponential.inl">
      <Filter>Header Files</Filter>
    </None>
    <None Include="vendor\glm\gtx\fast_square_root.inl">
      <Filter>Header Files</Filter>
    </None>
    <None Include="vendor\glm\gtx\fast_trigonometry.inl">
      <Filter>Header Files</Filter>
    </None>
    <None Include="vendor\glm\gtx\float_notmalize.inl">
      <Filter>Header Files</Filter>
    </None>
    <None Include="vendor\glm\gtx\functions.inl">
      <Filter>Header Files</Filter>
    </None>
    <None Include="vendor\glm\gtx\gradient_paint.inl">
      <Filter>Header Files</Filter>
    </None>
    <None Include="vendor\glm\gtx\handed_coordinate_space.inl">
      <Filter>Header Files</Filter>
    </None>
    <None Include="vendor\glm\gtx\hash.inl">
      <Filter>Header Files</Filter>
    </None>
    <None Include="vendor\glm\gtx\integer.inl">
      <Filter>Header Files</Filter>
    </None>
    <None Include="vendor\glm\gtx\intersect.inl">
      <Filter>Header Files</Filter>
    </None>
    <None Include="vendor\glm\gtx\io.inl">
      <Filter>Header Files</Filter>
    </None>
    <None Include="vendor\glm\gtx\log_base.inl">
      <Filter>Header Files</Filter>
    </None>
    <None Include="vendor\glm\gtx\matrix_cross_product.inl">
      <Filter>Header Files</Filter>
    </None>
    <None Include="vendor\glm\gtx\matrix_decompose.inl">
      <Filter>Header Files</Filter>
    </None>
    <None Include="vendor\glm\gtx\matrix_factorisation.inl">
      <Filter>Header Files</Filter>
    </None>
    <None Include="vendor\glm\gtx\matrix_interpolation.inl">
      <Filter>Header Files</Filter>
    </None>
    <None Include="vendor\glm\gtx\matrix_major_storage.inl">
      <Filter>Header Files</Filter>
    </None>
    <None Include="vendor\glm\gtx\matrix_operation.inl">
      <Filter>Header Files</Filter>
    </None>
    <None Include="vendor\glm\gtx\matrix_query.inl">
      <Filter>Header Files</Filter>
    </None>
    <None Include="vendor\glm\gtx\matrix_transform_2d.inl">
      <Filter>Header Files</Filter>
    </None>
    <None Include="vendor\glm\gtx\mixed_product.inl">
      <Filter>Header Files</Filter>
    </None>
    <None Include="vendor\glm\gtx\norm.inl">
      <Filter>Header Files</Filter>
    </None>
    <None Include="vendor\glm\gtx\normal.inl">
      <Filter>Header Files</Filter>
    </None>
    <None Include="vendor\glm\gtx\normalize_dot.inl">
      <Filter>Header Files</Filter>
    </None>
    <None Include="vendor\glm\gtx\number_precision.inl">
      <Filter>Header Files</Filter>
    </None>
    <None Include="vendor\glm\gtx\optimum_pow.inl">
      <Filter>Header Files</Filter>
    </None>
    <None Include="vendor\glm\gtx\orthonormalize.inl">
      <Filter>Header Files</Filter>
    </None>
    <None Include="vendor\glm\gtx\perpendicular.inl">
      <Filter>Header Files</Filter>
    </None>
    <None Include="vendor\glm\gtx\polar_coordinates.inl">
      <Filter>Header Files</Filter>
    </None>
    <None Include="vendor\glm\gtx\projection.inl">
      <Filter>Header Files</Filter>
    </None>
    <None Include="vendor\glm\gtx\quaternion.inl">
      <Filter>Header Files</Filter>
    </None>
    <None Include="vendor\glm\gtx\raw_data.inl">
      <Filter>Header Files</Filter>
    </None>
    <None Include="vendor\glm\gtx\rotate_normalized_axis.inl">
      <Filter>Header Files</Filter>
    </None>
    <None Include="vendor\glm\gtx\rotate_vector.inl">
      <Filter>Header Files</Filter>
    </None>
    <None Include="vendor\glm\gtx\scalar_relational.inl">
      <Filter>Header Files</Filter>
    </None>
    <None Include="vendor\glm\gtx\spline.inl">
      <Filter>Header Files</Filter>
    </None>
    <None Include="vendor\glm\gtx\std_based_type.inl">
      <Filter>Header Files</Filter>
    </None>
    <None Include="vendor\glm\gtx\string_cast.inl">
      <Filter>Header Files</Filter>
    </None>
    <None Include="vendor\glm\gtx\texture.inl">
      <Filter>Header Files</Filter>
    </None>
    <None Include="vendor\glm\gtx\transform.inl">
      <Filter>Header Files</Filter>
    </None>
    <None Include="vendor\glm\gtx\transform2.inl">
      <Filter>Header Files</Filter>
    </None>
    <None Include="vendor\glm\gtx\type_aligned.inl">
      <Filter>Header Files</Filter>
    </None>
    <None Include="vendor\glm\gtx\type_trait.inl">
      <Filter>Header Files</Filter>
    </None>
    <None Include="vendor\glm\gtx\vector_angle.inl">
      <Filter>Header Files</Filter>
    </None>
    <None Include="vendor\glm\gtx\vector_query.inl">
      <Filter>Header Files</Filter>
    </None>
    <None Include="vendor\glm\gtx\wrap.inl">
      <Filter>Header Files</Filter>
    </None>
    <None Include="shaders\Getting-started\hello-triangle.frag">
      <Filter>src\shaders\Getting-started</Filter>
    </None>
    <None Include="shaders\Getting-started\hello-triangle.vert">
      <Filter>src\shaders\Getting-started</Filter>
    </None>
    <None Include="shaders\Getting-started\time_triangle.frag">
      <Filter>src\shaders\Getting-started</Filter>
    </None>
    <None Include="shaders\Getting-started\space_color.vert">
      <Filter>src\shaders\Getting-started</Filter>
    </None>
    <None Include="shaders\Getting-started\space_color.frag">
      <Filter>src\shaders\Getting-started</Filter>
    </None>
    <None Include="shaders\Getting-started\simple_texture.frag">
      <Filter>src\shaders\Getting-started</Filter>
    </None>
    <None Include="shaders\Getting-started\simple_texture.vert">
      <Filter>src\shaders\Getting-started</Filter>
    </None>
    <None Include="shaders\Getting-started\Mixed_tex.frag">
      <Filter>src\shaders\Getting-started</Filter>
    </None>
    <None Include="shaders\Getting-started\Mixed_tex.vert">
      <Filter>src\shaders\Getting-started</Filter>
    </None>
    <None Include="shaders\Getting-started\transform.vert">
      <Filter>src\shaders\Getting-started</Filter>
    </None>
    <None Include="shaders\Getting-started\transform.frag">
      <Filter>src\shaders\Getting-started</Filter>
    </None>
    <None Include="shaders\Getting-started\Going-3D.frag">
      <Filter>src\shaders\Getting-started</Filter>
    </None>
    <None Include="shaders\Getting-started\Going-3D.vert">
      <Filter>src\shaders\Getting-started</Filter>
    </None>
    <None Include="shaders\Lighting\basic.frag">
      <Filter>src\shaders\Lighting</Filter>
    </None>
    <None Include="shaders\Lighting\basic.vert">
      <Filter>src\shaders\Lighting</Filter>
    </None>
    <None Include="shaders\Lighting\1.Colors.frag">
      <Filter>src\shaders\Lighting</Filter>
    </None>
    <None Include="shaders\Lighting\1.Colors.vert">
      <Filter>src\shaders\Lighting</Filter>
    </None>
    <None Include="shaders\Lighting\1.Light.vert">
      <Filter>src\shaders\Lighting</Filter>
    </None>
    <None Include="shaders\Lighting\1.Light.frag">
      <Filter>src\shaders\Lighting</Filter>
    </None>
    <None Include="shaders\Lighting\2.Light.frag">
      <Filter>src\shaders\Lighting</Filter>
    </None>
    <None Include="shaders\Lighting\2.Light.vert">
      <Filter>src\shaders\Lighting</Filter>
    </None>
    <None Include="shaders\Lighting\2.Colors.frag">
      <Filter>src\shaders\Lighting</Filter>
    </None>
    <None Include="shaders\Lighting\2.Colors.vert">
      <Filter>src\shaders\Lighting</Filter>
    </None>
    <None Include="shaders\Lighting\3.material.vert">
      <Filter>src\shaders\Lighting</Filter>
    </None>
    <None Include="shaders\Lighting\3.Material.frag">
      <Filter>src\shaders\Lighting</Filter>
    </None>
  </ItemGroup>
</Project>